// !$*UTF8*$!
{
	archiveVersion = 1;
	classes = {
	};
	objectVersion = 56;
	objects = {

/* Begin PBXBuildFile section */
		26E3748228FCDC0000997DA7 /* AppDelegate.swift in Sources */ = {isa = PBXBuildFile; fileRef = 26E3748128FCDC0000997DA7 /* AppDelegate.swift */; };
		26E3748428FCDC0000997DA7 /* SceneDelegate.swift in Sources */ = {isa = PBXBuildFile; fileRef = 26E3748328FCDC0000997DA7 /* SceneDelegate.swift */; };
		26E3748628FCDC0000997DA7 /* ViewController.swift in Sources */ = {isa = PBXBuildFile; fileRef = 26E3748528FCDC0000997DA7 /* ViewController.swift */; };
		26E3748928FCDC0000997DA7 /* Main.storyboard in Resources */ = {isa = PBXBuildFile; fileRef = 26E3748728FCDC0000997DA7 /* Main.storyboard */; };
		26E3748B28FCDC0100997DA7 /* Assets.xcassets in Resources */ = {isa = PBXBuildFile; fileRef = 26E3748A28FCDC0100997DA7 /* Assets.xcassets */; };
		26E3748E28FCDC0100997DA7 /* LaunchScreen.storyboard in Resources */ = {isa = PBXBuildFile; fileRef = 26E3748C28FCDC0100997DA7 /* LaunchScreen.storyboard */; };
		26E3749628FCF56400997DA7 /* RoomListViewController.swift in Sources */ = {isa = PBXBuildFile; fileRef = 26E3749528FCF56400997DA7 /* RoomListViewController.swift */; };
		26E3749828FD2D0700997DA7 /* RoomListCell.swift in Sources */ = {isa = PBXBuildFile; fileRef = 26E3749728FD2D0700997DA7 /* RoomListCell.swift */; };
		26E3749C28FE8E6F00997DA7 /* LoginViewController.swift in Sources */ = {isa = PBXBuildFile; fileRef = 26E3749B28FE8E6F00997DA7 /* LoginViewController.swift */; };
		26E3749F28FE9DA300997DA7 /* PhoneNumViewController.swift in Sources */ = {isa = PBXBuildFile; fileRef = 26E3749E28FE9DA300997DA7 /* PhoneNumViewController.swift */; };
		26FEC1B628FFF52D006C410B /* RoomCreationCell.swift in Sources */ = {isa = PBXBuildFile; fileRef = 26FEC1B528FFF52D006C410B /* RoomCreationCell.swift */; };
		980D900E28FE671B003CC2DA /* DetailViewController.swift in Sources */ = {isa = PBXBuildFile; fileRef = 980D900D28FE671B003CC2DA /* DetailViewController.swift */; };
		98C0D06028FCE8EB00E0E439 /* AutoLayout+.swift in Sources */ = {isa = PBXBuildFile; fileRef = 98C0D05F28FCE8EB00E0E439 /* AutoLayout+.swift */; };
		98C0D06428FCE99300E0E439 /* JSON.swift in Sources */ = {isa = PBXBuildFile; fileRef = 98C0D06328FCE99300E0E439 /* JSON.swift */; };
		98C0D06728FCE9DC00E0E439 /* Model.swift in Sources */ = {isa = PBXBuildFile; fileRef = 98C0D06628FCE9DC00E0E439 /* Model.swift */; };
		98C0D06A28FCEA4900E0E439 /* ImagePicker.swift in Sources */ = {isa = PBXBuildFile; fileRef = 98C0D06928FCEA4900E0E439 /* ImagePicker.swift */; };
		98C0D06C28FCF46500E0E439 /* WorkingHistoryViewController.swift in Sources */ = {isa = PBXBuildFile; fileRef = 98C0D06B28FCF46500E0E439 /* WorkingHistoryViewController.swift */; };
		98C0D07228FD02E400E0E439 /* WorkingHistoryViewCell.swift in Sources */ = {isa = PBXBuildFile; fileRef = 98C0D07128FD02E400E0E439 /* WorkingHistoryViewCell.swift */; };
		98C2448B28FD3EDA0006A01B /* WorkingHistoryViewHeader.swift in Sources */ = {isa = PBXBuildFile; fileRef = 98C2448A28FD3EDA0006A01B /* WorkingHistoryViewHeader.swift */; };
/* End PBXBuildFile section */

/* Begin PBXFileReference section */
		26E3747E28FCDC0000997DA7 /* Samsam.app */ = {isa = PBXFileReference; explicitFileType = wrapper.application; includeInIndex = 0; path = Samsam.app; sourceTree = BUILT_PRODUCTS_DIR; };
		26E3748128FCDC0000997DA7 /* AppDelegate.swift */ = {isa = PBXFileReference; lastKnownFileType = sourcecode.swift; path = AppDelegate.swift; sourceTree = "<group>"; };
		26E3748328FCDC0000997DA7 /* SceneDelegate.swift */ = {isa = PBXFileReference; lastKnownFileType = sourcecode.swift; path = SceneDelegate.swift; sourceTree = "<group>"; };
		26E3748528FCDC0000997DA7 /* ViewController.swift */ = {isa = PBXFileReference; lastKnownFileType = sourcecode.swift; path = ViewController.swift; sourceTree = "<group>"; };
		26E3748828FCDC0000997DA7 /* Base */ = {isa = PBXFileReference; lastKnownFileType = file.storyboard; name = Base; path = Base.lproj/Main.storyboard; sourceTree = "<group>"; };
		26E3748A28FCDC0100997DA7 /* Assets.xcassets */ = {isa = PBXFileReference; lastKnownFileType = folder.assetcatalog; path = Assets.xcassets; sourceTree = "<group>"; };
		26E3748D28FCDC0100997DA7 /* Base */ = {isa = PBXFileReference; lastKnownFileType = file.storyboard; name = Base; path = Base.lproj/LaunchScreen.storyboard; sourceTree = "<group>"; };
		26E3748F28FCDC0100997DA7 /* Info.plist */ = {isa = PBXFileReference; lastKnownFileType = text.plist.xml; path = Info.plist; sourceTree = "<group>"; };
		26E3749528FCF56400997DA7 /* RoomListViewController.swift */ = {isa = PBXFileReference; lastKnownFileType = sourcecode.swift; path = RoomListViewController.swift; sourceTree = "<group>"; };
		26E3749728FD2D0700997DA7 /* RoomListCell.swift */ = {isa = PBXFileReference; lastKnownFileType = sourcecode.swift; path = RoomListCell.swift; sourceTree = "<group>"; };
		26E3749B28FE8E6F00997DA7 /* LoginViewController.swift */ = {isa = PBXFileReference; lastKnownFileType = sourcecode.swift; path = LoginViewController.swift; sourceTree = "<group>"; };
		26E3749D28FE95D100997DA7 /* Samsam.entitlements */ = {isa = PBXFileReference; lastKnownFileType = text.plist.entitlements; path = Samsam.entitlements; sourceTree = "<group>"; };
		26E3749E28FE9DA300997DA7 /* PhoneNumViewController.swift */ = {isa = PBXFileReference; lastKnownFileType = sourcecode.swift; path = PhoneNumViewController.swift; sourceTree = "<group>"; };
		26FEC1B528FFF52D006C410B /* RoomCreationCell.swift */ = {isa = PBXFileReference; lastKnownFileType = sourcecode.swift; path = RoomCreationCell.swift; sourceTree = "<group>"; };
		980D900D28FE671B003CC2DA /* DetailViewController.swift */ = {isa = PBXFileReference; lastKnownFileType = sourcecode.swift; path = DetailViewController.swift; sourceTree = "<group>"; };
		98C0D05F28FCE8EB00E0E439 /* AutoLayout+.swift */ = {isa = PBXFileReference; lastKnownFileType = sourcecode.swift; path = "AutoLayout+.swift"; sourceTree = "<group>"; };
		98C0D06328FCE99300E0E439 /* JSON.swift */ = {isa = PBXFileReference; lastKnownFileType = sourcecode.swift; path = JSON.swift; sourceTree = "<group>"; };
		98C0D06628FCE9DC00E0E439 /* Model.swift */ = {isa = PBXFileReference; lastKnownFileType = sourcecode.swift; path = Model.swift; sourceTree = "<group>"; };
		98C0D06928FCEA4900E0E439 /* ImagePicker.swift */ = {isa = PBXFileReference; lastKnownFileType = sourcecode.swift; path = ImagePicker.swift; sourceTree = "<group>"; };
		98C0D06B28FCF46500E0E439 /* WorkingHistoryViewController.swift */ = {isa = PBXFileReference; lastKnownFileType = sourcecode.swift; path = WorkingHistoryViewController.swift; sourceTree = "<group>"; };
		98C0D07128FD02E400E0E439 /* WorkingHistoryViewCell.swift */ = {isa = PBXFileReference; lastKnownFileType = sourcecode.swift; path = WorkingHistoryViewCell.swift; sourceTree = "<group>"; };
		98C2448A28FD3EDA0006A01B /* WorkingHistoryViewHeader.swift */ = {isa = PBXFileReference; lastKnownFileType = sourcecode.swift; path = WorkingHistoryViewHeader.swift; sourceTree = "<group>"; };
/* End PBXFileReference section */

/* Begin PBXFrameworksBuildPhase section */
		26E3747B28FCDC0000997DA7 /* Frameworks */ = {
			isa = PBXFrameworksBuildPhase;
			buildActionMask = 2147483647;
			files = (
			);
			runOnlyForDeploymentPostprocessing = 0;
		};
/* End PBXFrameworksBuildPhase section */

/* Begin PBXGroup section */
		26E3747528FCDC0000997DA7 = {
			isa = PBXGroup;
			children = (
				26E3748028FCDC0000997DA7 /* Samsam */,
				26E3747F28FCDC0000997DA7 /* Products */,
			);
			sourceTree = "<group>";
		};
		26E3747F28FCDC0000997DA7 /* Products */ = {
			isa = PBXGroup;
			children = (
				26E3747E28FCDC0000997DA7 /* Samsam.app */,
			);
			name = Products;
			sourceTree = "<group>";
		};
		26E3748028FCDC0000997DA7 /* Samsam */ = {
			isa = PBXGroup;
			children = (
				26E3749D28FE95D100997DA7 /* Samsam.entitlements */,
				98C0D05D28FCE8C300E0E439 /* Global */,
				98C0D06128FCE8FA00E0E439 /* ViewController */,
				98C0D06528FCE9C700E0E439 /* Model */,
				98C0D06228FCE95E00E0E439 /* Data */,
				98C0D06828FCEA2000E0E439 /* Support */,
				26E3748728FCDC0000997DA7 /* Main.storyboard */,
				26E3748A28FCDC0100997DA7 /* Assets.xcassets */,
				26E3748C28FCDC0100997DA7 /* LaunchScreen.storyboard */,
				26E3748F28FCDC0100997DA7 /* Info.plist */,
			);
			path = Samsam;
			sourceTree = "<group>";
		};
		980D900C28FE6705003CC2DA /* DetailView */ = {
			isa = PBXGroup;
			children = (
				980D900D28FE671B003CC2DA /* DetailViewController.swift */,
			);
			path = DetailView;
			sourceTree = "<group>";
		};
		98C0D05D28FCE8C300E0E439 /* Global */ = {
			isa = PBXGroup;
			children = (
				26E3748128FCDC0000997DA7 /* AppDelegate.swift */,
				26E3748328FCDC0000997DA7 /* SceneDelegate.swift */,
				98C0D05E28FCE8D200E0E439 /* Extension */,
			);
			path = Global;
			sourceTree = "<group>";
		};
		98C0D05E28FCE8D200E0E439 /* Extension */ = {
			isa = PBXGroup;
			children = (
				98C0D05F28FCE8EB00E0E439 /* AutoLayout+.swift */,
			);
			path = Extension;
			sourceTree = "<group>";
		};
		98C0D06128FCE8FA00E0E439 /* ViewController */ = {
			isa = PBXGroup;
			children = (
				26E3748528FCDC0000997DA7 /* ViewController.swift */,
				26E3749528FCF56400997DA7 /* RoomListViewController.swift */,
				26E3749728FD2D0700997DA7 /* RoomListCell.swift */,
				26FEC1B528FFF52D006C410B /* RoomCreationCell.swift */,
				98C0D06D28FCF46A00E0E439 /* WorkingHistoryView */,
				26E3749B28FE8E6F00997DA7 /* LoginViewController.swift */,
				26E3749E28FE9DA300997DA7 /* PhoneNumViewController.swift */,
				980D900C28FE6705003CC2DA /* DetailView */,
			);
			path = ViewController;
			sourceTree = "<group>";
		};
		98C0D06228FCE95E00E0E439 /* Data */ = {
			isa = PBXGroup;
			children = (
				98C0D06328FCE99300E0E439 /* JSON.swift */,
			);
			path = Data;
			sourceTree = "<group>";
		};
		98C0D06528FCE9C700E0E439 /* Model */ = {
			isa = PBXGroup;
			children = (
				98C0D06628FCE9DC00E0E439 /* Model.swift */,
			);
			path = Model;
			sourceTree = "<group>";
		};
		98C0D06828FCEA2000E0E439 /* Support */ = {
			isa = PBXGroup;
			children = (
				98C0D06928FCEA4900E0E439 /* ImagePicker.swift */,
			);
			path = Support;
			sourceTree = "<group>";
		};
		98C0D06D28FCF46A00E0E439 /* WorkingHistoryView */ = {
			isa = PBXGroup;
			children = (
				98C0D06B28FCF46500E0E439 /* WorkingHistoryViewController.swift */,
				98C0D06E28FCF47800E0E439 /* UIComponent */,
			);
			path = WorkingHistoryView;
			sourceTree = "<group>";
		};
		98C0D06E28FCF47800E0E439 /* UIComponent */ = {
			isa = PBXGroup;
			children = (
				98C2448A28FD3EDA0006A01B /* WorkingHistoryViewHeader.swift */,
				98C0D07128FD02E400E0E439 /* WorkingHistoryViewCell.swift */,
			);
			path = UIComponent;
			sourceTree = "<group>";
		};
/* End PBXGroup section */

/* Begin PBXNativeTarget section */
		26E3747D28FCDC0000997DA7 /* Samsam */ = {
			isa = PBXNativeTarget;
			buildConfigurationList = 26E3749228FCDC0100997DA7 /* Build configuration list for PBXNativeTarget "Samsam" */;
			buildPhases = (
				26E3747A28FCDC0000997DA7 /* Sources */,
				26E3747B28FCDC0000997DA7 /* Frameworks */,
				26E3747C28FCDC0000997DA7 /* Resources */,
			);
			buildRules = (
			);
			dependencies = (
			);
			name = Samsam;
			productName = Samsam;
			productReference = 26E3747E28FCDC0000997DA7 /* Samsam.app */;
			productType = "com.apple.product-type.application";
		};
/* End PBXNativeTarget section */

/* Begin PBXProject section */
		26E3747628FCDC0000997DA7 /* Project object */ = {
			isa = PBXProject;
			attributes = {
				BuildIndependentTargetsInParallel = 1;
				LastSwiftUpdateCheck = 1400;
				LastUpgradeCheck = 1400;
				TargetAttributes = {
					26E3747D28FCDC0000997DA7 = {
						CreatedOnToolsVersion = 14.0;
					};
				};
			};
			buildConfigurationList = 26E3747928FCDC0000997DA7 /* Build configuration list for PBXProject "Samsam" */;
			compatibilityVersion = "Xcode 14.0";
			developmentRegion = ko;
			hasScannedForEncodings = 0;
			knownRegions = (
				en,
				Base,
				ko,
			);
			mainGroup = 26E3747528FCDC0000997DA7;
			productRefGroup = 26E3747F28FCDC0000997DA7 /* Products */;
			projectDirPath = "";
			projectRoot = "";
			targets = (
				26E3747D28FCDC0000997DA7 /* Samsam */,
			);
		};
/* End PBXProject section */

/* Begin PBXResourcesBuildPhase section */
		26E3747C28FCDC0000997DA7 /* Resources */ = {
			isa = PBXResourcesBuildPhase;
			buildActionMask = 2147483647;
			files = (
				26E3748E28FCDC0100997DA7 /* LaunchScreen.storyboard in Resources */,
				26E3748B28FCDC0100997DA7 /* Assets.xcassets in Resources */,
				26E3748928FCDC0000997DA7 /* Main.storyboard in Resources */,
			);
			runOnlyForDeploymentPostprocessing = 0;
		};
/* End PBXResourcesBuildPhase section */

/* Begin PBXSourcesBuildPhase section */
		26E3747A28FCDC0000997DA7 /* Sources */ = {
			isa = PBXSourcesBuildPhase;
			buildActionMask = 2147483647;
			files = (
				26E3749C28FE8E6F00997DA7 /* LoginViewController.swift in Sources */,
				980D900E28FE671B003CC2DA /* DetailViewController.swift in Sources */,
				26E3748628FCDC0000997DA7 /* ViewController.swift in Sources */,
				98C0D06C28FCF46500E0E439 /* WorkingHistoryViewController.swift in Sources */,
				98C0D06728FCE9DC00E0E439 /* Model.swift in Sources */,
				98C2448B28FD3EDA0006A01B /* WorkingHistoryViewHeader.swift in Sources */,
				98C0D07228FD02E400E0E439 /* WorkingHistoryViewCell.swift in Sources */,
				26E3749828FD2D0700997DA7 /* RoomListCell.swift in Sources */,
				98C0D06428FCE99300E0E439 /* JSON.swift in Sources */,
				98C0D06A28FCEA4900E0E439 /* ImagePicker.swift in Sources */,
				26E3748228FCDC0000997DA7 /* AppDelegate.swift in Sources */,
				26E3748428FCDC0000997DA7 /* SceneDelegate.swift in Sources */,
				26E3749F28FE9DA300997DA7 /* PhoneNumViewController.swift in Sources */,
				98C0D06028FCE8EB00E0E439 /* AutoLayout+.swift in Sources */,
				26E3749628FCF56400997DA7 /* RoomListViewController.swift in Sources */,
				26FEC1B628FFF52D006C410B /* RoomCreationCell.swift in Sources */,
			);
			runOnlyForDeploymentPostprocessing = 0;
		};
/* End PBXSourcesBuildPhase section */

/* Begin PBXVariantGroup section */
		26E3748728FCDC0000997DA7 /* Main.storyboard */ = {
			isa = PBXVariantGroup;
			children = (
				26E3748828FCDC0000997DA7 /* Base */,
			);
			name = Main.storyboard;
			sourceTree = "<group>";
		};
		26E3748C28FCDC0100997DA7 /* LaunchScreen.storyboard */ = {
			isa = PBXVariantGroup;
			children = (
				26E3748D28FCDC0100997DA7 /* Base */,
			);
			name = LaunchScreen.storyboard;
			sourceTree = "<group>";
		};
/* End PBXVariantGroup section */

/* Begin XCBuildConfiguration section */
		26E3749028FCDC0100997DA7 /* Debug */ = {
			isa = XCBuildConfiguration;
			buildSettings = {
				ALWAYS_SEARCH_USER_PATHS = NO;
				CLANG_ANALYZER_NONNULL = YES;
				CLANG_ANALYZER_NUMBER_OBJECT_CONVERSION = YES_AGGRESSIVE;
				CLANG_CXX_LANGUAGE_STANDARD = "gnu++20";
				CLANG_ENABLE_MODULES = YES;
				CLANG_ENABLE_OBJC_ARC = YES;
				CLANG_ENABLE_OBJC_WEAK = YES;
				CLANG_WARN_BLOCK_CAPTURE_AUTORELEASING = YES;
				CLANG_WARN_BOOL_CONVERSION = YES;
				CLANG_WARN_COMMA = YES;
				CLANG_WARN_CONSTANT_CONVERSION = YES;
				CLANG_WARN_DEPRECATED_OBJC_IMPLEMENTATIONS = YES;
				CLANG_WARN_DIRECT_OBJC_ISA_USAGE = YES_ERROR;
				CLANG_WARN_DOCUMENTATION_COMMENTS = YES;
				CLANG_WARN_EMPTY_BODY = YES;
				CLANG_WARN_ENUM_CONVERSION = YES;
				CLANG_WARN_INFINITE_RECURSION = YES;
				CLANG_WARN_INT_CONVERSION = YES;
				CLANG_WARN_NON_LITERAL_NULL_CONVERSION = YES;
				CLANG_WARN_OBJC_IMPLICIT_RETAIN_SELF = YES;
				CLANG_WARN_OBJC_LITERAL_CONVERSION = YES;
				CLANG_WARN_OBJC_ROOT_CLASS = YES_ERROR;
				CLANG_WARN_QUOTED_INCLUDE_IN_FRAMEWORK_HEADER = YES;
				CLANG_WARN_RANGE_LOOP_ANALYSIS = YES;
				CLANG_WARN_STRICT_PROTOTYPES = YES;
				CLANG_WARN_SUSPICIOUS_MOVE = YES;
				CLANG_WARN_UNGUARDED_AVAILABILITY = YES_AGGRESSIVE;
				CLANG_WARN_UNREACHABLE_CODE = YES;
				CLANG_WARN__DUPLICATE_METHOD_MATCH = YES;
				COPY_PHASE_STRIP = NO;
				DEBUG_INFORMATION_FORMAT = dwarf;
				ENABLE_STRICT_OBJC_MSGSEND = YES;
				ENABLE_TESTABILITY = YES;
				GCC_C_LANGUAGE_STANDARD = gnu11;
				GCC_DYNAMIC_NO_PIC = NO;
				GCC_NO_COMMON_BLOCKS = YES;
				GCC_OPTIMIZATION_LEVEL = 0;
				GCC_PREPROCESSOR_DEFINITIONS = (
					"DEBUG=1",
					"$(inherited)",
				);
				GCC_WARN_64_TO_32_BIT_CONVERSION = YES;
				GCC_WARN_ABOUT_RETURN_TYPE = YES_ERROR;
				GCC_WARN_UNDECLARED_SELECTOR = YES;
				GCC_WARN_UNINITIALIZED_AUTOS = YES_AGGRESSIVE;
				GCC_WARN_UNUSED_FUNCTION = YES;
				GCC_WARN_UNUSED_VARIABLE = YES;
				IPHONEOS_DEPLOYMENT_TARGET = 16.0;
				MTL_ENABLE_DEBUG_INFO = INCLUDE_SOURCE;
				MTL_FAST_MATH = YES;
				ONLY_ACTIVE_ARCH = YES;
				SDKROOT = iphoneos;
				SWIFT_ACTIVE_COMPILATION_CONDITIONS = DEBUG;
				SWIFT_OPTIMIZATION_LEVEL = "-Onone";
			};
			name = Debug;
		};
		26E3749128FCDC0100997DA7 /* Release */ = {
			isa = XCBuildConfiguration;
			buildSettings = {
				ALWAYS_SEARCH_USER_PATHS = NO;
				CLANG_ANALYZER_NONNULL = YES;
				CLANG_ANALYZER_NUMBER_OBJECT_CONVERSION = YES_AGGRESSIVE;
				CLANG_CXX_LANGUAGE_STANDARD = "gnu++20";
				CLANG_ENABLE_MODULES = YES;
				CLANG_ENABLE_OBJC_ARC = YES;
				CLANG_ENABLE_OBJC_WEAK = YES;
				CLANG_WARN_BLOCK_CAPTURE_AUTORELEASING = YES;
				CLANG_WARN_BOOL_CONVERSION = YES;
				CLANG_WARN_COMMA = YES;
				CLANG_WARN_CONSTANT_CONVERSION = YES;
				CLANG_WARN_DEPRECATED_OBJC_IMPLEMENTATIONS = YES;
				CLANG_WARN_DIRECT_OBJC_ISA_USAGE = YES_ERROR;
				CLANG_WARN_DOCUMENTATION_COMMENTS = YES;
				CLANG_WARN_EMPTY_BODY = YES;
				CLANG_WARN_ENUM_CONVERSION = YES;
				CLANG_WARN_INFINITE_RECURSION = YES;
				CLANG_WARN_INT_CONVERSION = YES;
				CLANG_WARN_NON_LITERAL_NULL_CONVERSION = YES;
				CLANG_WARN_OBJC_IMPLICIT_RETAIN_SELF = YES;
				CLANG_WARN_OBJC_LITERAL_CONVERSION = YES;
				CLANG_WARN_OBJC_ROOT_CLASS = YES_ERROR;
				CLANG_WARN_QUOTED_INCLUDE_IN_FRAMEWORK_HEADER = YES;
				CLANG_WARN_RANGE_LOOP_ANALYSIS = YES;
				CLANG_WARN_STRICT_PROTOTYPES = YES;
				CLANG_WARN_SUSPICIOUS_MOVE = YES;
				CLANG_WARN_UNGUARDED_AVAILABILITY = YES_AGGRESSIVE;
				CLANG_WARN_UNREACHABLE_CODE = YES;
				CLANG_WARN__DUPLICATE_METHOD_MATCH = YES;
				COPY_PHASE_STRIP = NO;
				DEBUG_INFORMATION_FORMAT = "dwarf-with-dsym";
				ENABLE_NS_ASSERTIONS = NO;
				ENABLE_STRICT_OBJC_MSGSEND = YES;
				GCC_C_LANGUAGE_STANDARD = gnu11;
				GCC_NO_COMMON_BLOCKS = YES;
				GCC_WARN_64_TO_32_BIT_CONVERSION = YES;
				GCC_WARN_ABOUT_RETURN_TYPE = YES_ERROR;
				GCC_WARN_UNDECLARED_SELECTOR = YES;
				GCC_WARN_UNINITIALIZED_AUTOS = YES_AGGRESSIVE;
				GCC_WARN_UNUSED_FUNCTION = YES;
				GCC_WARN_UNUSED_VARIABLE = YES;
				IPHONEOS_DEPLOYMENT_TARGET = 16.0;
				MTL_ENABLE_DEBUG_INFO = NO;
				MTL_FAST_MATH = YES;
				SDKROOT = iphoneos;
				SWIFT_COMPILATION_MODE = wholemodule;
				SWIFT_OPTIMIZATION_LEVEL = "-O";
				VALIDATE_PRODUCT = YES;
			};
			name = Release;
		};
		26E3749328FCDC0100997DA7 /* Debug */ = {
			isa = XCBuildConfiguration;
			buildSettings = {
				ASSETCATALOG_COMPILER_APPICON_NAME = AppIcon;
				ASSETCATALOG_COMPILER_GLOBAL_ACCENT_COLOR_NAME = AccentColor;
				CODE_SIGN_ENTITLEMENTS = Samsam/Samsam.entitlements;
				CODE_SIGN_STYLE = Automatic;
				CURRENT_PROJECT_VERSION = 1;
				DEVELOPMENT_TEAM = F2SSSA5NRF;
				GENERATE_INFOPLIST_FILE = YES;
				INFOPLIST_FILE = Samsam/Info.plist;
				INFOPLIST_KEY_UIApplicationSupportsIndirectInputEvents = YES;
				INFOPLIST_KEY_UILaunchStoryboardName = LaunchScreen;
				INFOPLIST_KEY_UIMainStoryboardFile = Main;
				INFOPLIST_KEY_UISupportedInterfaceOrientations_iPad = "UIInterfaceOrientationPortrait UIInterfaceOrientationPortraitUpsideDown UIInterfaceOrientationLandscapeLeft UIInterfaceOrientationLandscapeRight";
				INFOPLIST_KEY_UISupportedInterfaceOrientations_iPhone = "UIInterfaceOrientationPortrait UIInterfaceOrientationLandscapeLeft UIInterfaceOrientationLandscapeRight";
				LD_RUNPATH_SEARCH_PATHS = (
					"$(inherited)",
					"@executable_path/Frameworks",
				);
				MARKETING_VERSION = 1.0;
				PRODUCT_BUNDLE_IDENTIFIER = com.immeenu.Samsam;
				PRODUCT_NAME = "$(TARGET_NAME)";
				SUPPORTED_PLATFORMS = "iphoneos iphonesimulator";
				SUPPORTS_MACCATALYST = NO;
				SUPPORTS_MAC_DESIGNED_FOR_IPHONE_IPAD = NO;
				SWIFT_EMIT_LOC_STRINGS = YES;
				SWIFT_VERSION = 5.0;
				TARGETED_DEVICE_FAMILY = 1;
			};
			name = Debug;
		};
		26E3749428FCDC0100997DA7 /* Release */ = {
			isa = XCBuildConfiguration;
			buildSettings = {
				ASSETCATALOG_COMPILER_APPICON_NAME = AppIcon;
				ASSETCATALOG_COMPILER_GLOBAL_ACCENT_COLOR_NAME = AccentColor;
				CODE_SIGN_ENTITLEMENTS = Samsam/Samsam.entitlements;
				CODE_SIGN_STYLE = Automatic;
				CURRENT_PROJECT_VERSION = 1;
				DEVELOPMENT_TEAM = F2SSSA5NRF;
				GENERATE_INFOPLIST_FILE = YES;
				INFOPLIST_FILE = Samsam/Info.plist;
				INFOPLIST_KEY_UIApplicationSupportsIndirectInputEvents = YES;
				INFOPLIST_KEY_UILaunchStoryboardName = LaunchScreen;
				INFOPLIST_KEY_UIMainStoryboardFile = Main;
				INFOPLIST_KEY_UISupportedInterfaceOrientations_iPad = "UIInterfaceOrientationPortrait UIInterfaceOrientationPortraitUpsideDown UIInterfaceOrientationLandscapeLeft UIInterfaceOrientationLandscapeRight";
				INFOPLIST_KEY_UISupportedInterfaceOrientations_iPhone = "UIInterfaceOrientationPortrait UIInterfaceOrientationLandscapeLeft UIInterfaceOrientationLandscapeRight";
				LD_RUNPATH_SEARCH_PATHS = (
					"$(inherited)",
					"@executable_path/Frameworks",
				);
				MARKETING_VERSION = 1.0;
				PRODUCT_BUNDLE_IDENTIFIER = com.immeenu.Samsam;
				PRODUCT_NAME = "$(TARGET_NAME)";
				SUPPORTED_PLATFORMS = "iphoneos iphonesimulator";
				SUPPORTS_MACCATALYST = NO;
				SUPPORTS_MAC_DESIGNED_FOR_IPHONE_IPAD = NO;
				SWIFT_EMIT_LOC_STRINGS = YES;
				SWIFT_VERSION = 5.0;
				TARGETED_DEVICE_FAMILY = 1;
			};
			name = Release;
		};
/* End XCBuildConfiguration section */

/* Begin XCConfigurationList section */
		26E3747928FCDC0000997DA7 /* Build configuration list for PBXProject "Samsam" */ = {
			isa = XCConfigurationList;
			buildConfigurations = (
				26E3749028FCDC0100997DA7 /* Debug */,
				26E3749128FCDC0100997DA7 /* Release */,
			);
			defaultConfigurationIsVisible = 0;
			defaultConfigurationName = Release;
		};
		26E3749228FCDC0100997DA7 /* Build configuration list for PBXNativeTarget "Samsam" */ = {
			isa = XCConfigurationList;
			buildConfigurations = (
				26E3749328FCDC0100997DA7 /* Debug */,
				26E3749428FCDC0100997DA7 /* Release */,
			);
			defaultConfigurationIsVisible = 0;
			defaultConfigurationName = Release;
		};
/* End XCConfigurationList section */
	};
	rootObject = 26E3747628FCDC0000997DA7 /* Project object */;
}
