// !$*UTF8*$!
{
	archiveVersion = 1;
	classes = {
	};
	objectVersion = 56;
	objects = {

/* Begin PBXBuildFile section */
		26E3748228FCDC0000997DA7 /* AppDelegate.swift in Sources */ = {isa = PBXBuildFile; fileRef = 26E3748128FCDC0000997DA7 /* AppDelegate.swift */; };
		26E3748428FCDC0000997DA7 /* SceneDelegate.swift in Sources */ = {isa = PBXBuildFile; fileRef = 26E3748328FCDC0000997DA7 /* SceneDelegate.swift */; };
		26E3748628FCDC0000997DA7 /* ViewController.swift in Sources */ = {isa = PBXBuildFile; fileRef = 26E3748528FCDC0000997DA7 /* ViewController.swift */; };
		26E3748928FCDC0000997DA7 /* Main.storyboard in Resources */ = {isa = PBXBuildFile; fileRef = 26E3748728FCDC0000997DA7 /* Main.storyboard */; };
		26E3748B28FCDC0100997DA7 /* Assets.xcassets in Resources */ = {isa = PBXBuildFile; fileRef = 26E3748A28FCDC0100997DA7 /* Assets.xcassets */; };
		26E3748E28FCDC0100997DA7 /* LaunchScreen.storyboard in Resources */ = {isa = PBXBuildFile; fileRef = 26E3748C28FCDC0100997DA7 /* LaunchScreen.storyboard */; };
		26E3749628FCF56400997DA7 /* RoomListViewController.swift in Sources */ = {isa = PBXBuildFile; fileRef = 26E3749528FCF56400997DA7 /* RoomListViewController.swift */; };
		26E3749828FD2D0700997DA7 /* RoomListCell.swift in Sources */ = {isa = PBXBuildFile; fileRef = 26E3749728FD2D0700997DA7 /* RoomListCell.swift */; };
		26E3749C28FE8E6F00997DA7 /* LoginViewController.swift in Sources */ = {isa = PBXBuildFile; fileRef = 26E3749B28FE8E6F00997DA7 /* LoginViewController.swift */; };
		26E3749F28FE9DA300997DA7 /* PhoneNumViewController.swift in Sources */ = {isa = PBXBuildFile; fileRef = 26E3749E28FE9DA300997DA7 /* PhoneNumViewController.swift */; };
		26FEC1B628FFF52D006C410B /* RoomCreationCell.swift in Sources */ = {isa = PBXBuildFile; fileRef = 26FEC1B528FFF52D006C410B /* RoomCreationCell.swift */; };
		26FEC1B92902D85A006C410B /* DataTable.xcdatamodeld in Sources */ = {isa = PBXBuildFile; fileRef = 26FEC1B72902D85A006C410B /* DataTable.xcdatamodeld */; };
		26FEC1D92902E6F2006C410B /* CategoryEntity+CoreDataClass.swift in Sources */ = {isa = PBXBuildFile; fileRef = 26FEC1CF2902E6F2006C410B /* CategoryEntity+CoreDataClass.swift */; };
		26FEC1DA2902E6F2006C410B /* CategoryEntity+CoreDataProperties.swift in Sources */ = {isa = PBXBuildFile; fileRef = 26FEC1D02902E6F2006C410B /* CategoryEntity+CoreDataProperties.swift */; };
		26FEC1DB2902E6F2006C410B /* PostingEntity+CoreDataClass.swift in Sources */ = {isa = PBXBuildFile; fileRef = 26FEC1D12902E6F2006C410B /* PostingEntity+CoreDataClass.swift */; };
		26FEC1DC2902E6F2006C410B /* PostingEntity+CoreDataProperties.swift in Sources */ = {isa = PBXBuildFile; fileRef = 26FEC1D22902E6F2006C410B /* PostingEntity+CoreDataProperties.swift */; };
		26FEC1DD2902E6F2006C410B /* WorkingStatusEntity+CoreDataClass.swift in Sources */ = {isa = PBXBuildFile; fileRef = 26FEC1D32902E6F2006C410B /* WorkingStatusEntity+CoreDataClass.swift */; };
		26FEC1DE2902E6F2006C410B /* WorkingStatusEntity+CoreDataProperties.swift in Sources */ = {isa = PBXBuildFile; fileRef = 26FEC1D42902E6F2006C410B /* WorkingStatusEntity+CoreDataProperties.swift */; };
		26FEC1DF2902E6F2006C410B /* PhotoEntity+CoreDataClass.swift in Sources */ = {isa = PBXBuildFile; fileRef = 26FEC1D52902E6F2006C410B /* PhotoEntity+CoreDataClass.swift */; };
		26FEC1E02902E6F2006C410B /* PhotoEntity+CoreDataProperties.swift in Sources */ = {isa = PBXBuildFile; fileRef = 26FEC1D62902E6F2006C410B /* PhotoEntity+CoreDataProperties.swift */; };
		26FEC1E12902E6F2006C410B /* RoomEntity+CoreDataClass.swift in Sources */ = {isa = PBXBuildFile; fileRef = 26FEC1D72902E6F2006C410B /* RoomEntity+CoreDataClass.swift */; };
		26FEC1E22902E6F2006C410B /* RoomEntity+CoreDataProperties.swift in Sources */ = {isa = PBXBuildFile; fileRef = 26FEC1D82902E6F2006C410B /* RoomEntity+CoreDataProperties.swift */; };
		26FEC1E4290466F2006C410B /* CoreDataManager.swift in Sources */ = {isa = PBXBuildFile; fileRef = 26FEC1E3290466F2006C410B /* CoreDataManager.swift */; };
		431F075E291DEB36004FC4B6 /* LoginProtocol.swift in Sources */ = {isa = PBXBuildFile; fileRef = 431F075D291DEB36004FC4B6 /* LoginProtocol.swift */; };
		431F0764291DEB81004FC4B6 /* Login.swift in Sources */ = {isa = PBXBuildFile; fileRef = 431F0763291DEB81004FC4B6 /* Login.swift */; };
		431F0767291DEB90004FC4B6 /* LoginDTO.swift in Sources */ = {isa = PBXBuildFile; fileRef = 431F0766291DEB90004FC4B6 /* LoginDTO.swift */; };
		431F0769291DEB9B004FC4B6 /* LoginEndPoint.swift in Sources */ = {isa = PBXBuildFile; fileRef = 431F0768291DEB9B004FC4B6 /* LoginEndPoint.swift */; };
		431F076B291DEBA9004FC4B6 /* LoginAPI.swift in Sources */ = {isa = PBXBuildFile; fileRef = 431F076A291DEBA9004FC4B6 /* LoginAPI.swift */; };
		431F0773291DEBB7004FC4B6 /* NetworkError.swift in Sources */ = {isa = PBXBuildFile; fileRef = 431F076C291DEBB7004FC4B6 /* NetworkError.swift */; };
		431F0774291DEBB7004FC4B6 /* NetworkRequest.swift in Sources */ = {isa = PBXBuildFile; fileRef = 431F076D291DEBB7004FC4B6 /* NetworkRequest.swift */; };
		431F0775291DEBB7004FC4B6 /* APIService.swift in Sources */ = {isa = PBXBuildFile; fileRef = 431F076E291DEBB7004FC4B6 /* APIService.swift */; };
		431F0776291DEBB7004FC4B6 /* Requestable.swift in Sources */ = {isa = PBXBuildFile; fileRef = 431F076F291DEBB7004FC4B6 /* Requestable.swift */; };
		431F0777291DEBB7004FC4B6 /* Endpointable.swift in Sources */ = {isa = PBXBuildFile; fileRef = 431F0770291DEBB7004FC4B6 /* Endpointable.swift */; };
		431F0778291DEBB7004FC4B6 /* Encodable.swift in Sources */ = {isa = PBXBuildFile; fileRef = 431F0771291DEBB7004FC4B6 /* Encodable.swift */; };
		431F0779291DEBB7004FC4B6 /* HTTPMethod.swift in Sources */ = {isa = PBXBuildFile; fileRef = 431F0772291DEBB7004FC4B6 /* HTTPMethod.swift */; };
		431F077D291DF130004FC4B6 /* APIEnvironment.swift in Sources */ = {isa = PBXBuildFile; fileRef = 431F077C291DF130004FC4B6 /* APIEnvironment.swift */; };
		4330CE9B2906275D001FC8E7 /* PostingImageCell.swift in Sources */ = {isa = PBXBuildFile; fileRef = 4330CE9A2906275D001FC8E7 /* PostingImageCell.swift */; };
		4369690C28FE422100DEA89F /* PostingImageViewController.swift in Sources */ = {isa = PBXBuildFile; fileRef = 4369690B28FE422100DEA89F /* PostingImageViewController.swift */; };
		436E81C02918BA3D002A2641 /* ChipViewController.swift in Sources */ = {isa = PBXBuildFile; fileRef = 436E81BF2918BA3D002A2641 /* ChipViewController.swift */; };
		4386FB022901353B00314936 /* RoomCategoryViewController.swift in Sources */ = {isa = PBXBuildFile; fileRef = 4386FB012901353B00314936 /* RoomCategoryViewController.swift */; };
		43956D2C28FF9F0100DD996F /* PostingWritingView.swift in Sources */ = {isa = PBXBuildFile; fileRef = 43956D2B28FF9F0100DD996F /* PostingWritingView.swift */; };
		43BD591A29028BD70063EB4F /* RoomCodeViewController.swift in Sources */ = {isa = PBXBuildFile; fileRef = 43BD591929028BD70063EB4F /* RoomCodeViewController.swift */; };
		43C2110F28FCFAB500E8F6DD /* PostingCategoryViewController.swift in Sources */ = {isa = PBXBuildFile; fileRef = 43C2110E28FCFAB500E8F6DD /* PostingCategoryViewController.swift */; };
		43C2111128FCFB3800E8F6DD /* CategoryCell.swift in Sources */ = {isa = PBXBuildFile; fileRef = 43C2111028FCFB3800E8F6DD /* CategoryCell.swift */; };
		43DB5E1C2913733A00BD09BA /* PostingImageButtonCell.swift in Sources */ = {isa = PBXBuildFile; fileRef = 43DB5E1B2913733A00BD09BA /* PostingImageButtonCell.swift */; };
		980200722912513B00E193E6 /* SegmentedControlViewcontroller.swift in Sources */ = {isa = PBXBuildFile; fileRef = 980200712912513B00E193E6 /* SegmentedControlViewcontroller.swift */; };
		9802007A2914F82100E193E6 /* MetroViewController.swift in Sources */ = {isa = PBXBuildFile; fileRef = 980200792914F82100E193E6 /* MetroViewController.swift */; };
		9802007C2914F83400E193E6 /* BezierCurveConfiguration.swift in Sources */ = {isa = PBXBuildFile; fileRef = 9802007B2914F83400E193E6 /* BezierCurveConfiguration.swift */; };
		980D900E28FE671B003CC2DA /* DetailViewController.swift in Sources */ = {isa = PBXBuildFile; fileRef = 980D900D28FE671B003CC2DA /* DetailViewController.swift */; };
		98366F8D29019A5300E81E27 /* RoomCreationViewContoller.swift in Sources */ = {isa = PBXBuildFile; fileRef = 98366F8C29019A5300E81E27 /* RoomCreationViewContoller.swift */; };
		9866F51629189AEE002D3589 /* PhoneNumberStyle+.swift in Sources */ = {isa = PBXBuildFile; fileRef = 9866F51529189AEE002D3589 /* PhoneNumberStyle+.swift */; };
		9866F518291960CE002D3589 /* RoomCreationViewDateFirstCell.swift in Sources */ = {isa = PBXBuildFile; fileRef = 9866F517291960CE002D3589 /* RoomCreationViewDateFirstCell.swift */; };
		9866F51A291960E0002D3589 /* RoomCreationViewDateHeader.swift in Sources */ = {isa = PBXBuildFile; fileRef = 9866F519291960E0002D3589 /* RoomCreationViewDateHeader.swift */; };
		9866F5212919E2DC002D3589 /* RoomCreationViewWarrantyCell.swift in Sources */ = {isa = PBXBuildFile; fileRef = 9866F5202919E2DC002D3589 /* RoomCreationViewWarrantyCell.swift */; };
		9866F523291BF173002D3589 /* RoomCreationViewDateSecondCell.swift in Sources */ = {isa = PBXBuildFile; fileRef = 9866F522291BF173002D3589 /* RoomCreationViewDateSecondCell.swift */; };
		98B08A60290AC8C900401650 /* UIColor+.swift in Sources */ = {isa = PBXBuildFile; fileRef = 98B08A5F290AC8C900401650 /* UIColor+.swift */; };
		98C0D06028FCE8EB00E0E439 /* AutoLayout+.swift in Sources */ = {isa = PBXBuildFile; fileRef = 98C0D05F28FCE8EB00E0E439 /* AutoLayout+.swift */; };
		98C0D06428FCE99300E0E439 /* JSON.swift in Sources */ = {isa = PBXBuildFile; fileRef = 98C0D06328FCE99300E0E439 /* JSON.swift */; };
		98C0D06728FCE9DC00E0E439 /* Model.swift in Sources */ = {isa = PBXBuildFile; fileRef = 98C0D06628FCE9DC00E0E439 /* Model.swift */; };
		98C0D06A28FCEA4900E0E439 /* ImagePicker.swift in Sources */ = {isa = PBXBuildFile; fileRef = 98C0D06928FCEA4900E0E439 /* ImagePicker.swift */; };
		98C0D06C28FCF46500E0E439 /* WorkingHistoryViewController.swift in Sources */ = {isa = PBXBuildFile; fileRef = 98C0D06B28FCF46500E0E439 /* WorkingHistoryViewController.swift */; };
		98C0D07228FD02E400E0E439 /* WorkingHistoryViewContentCell.swift in Sources */ = {isa = PBXBuildFile; fileRef = 98C0D07128FD02E400E0E439 /* WorkingHistoryViewContentCell.swift */; };
		98C2448B28FD3EDA0006A01B /* WorkingHistoryViewTopHeader.swift in Sources */ = {isa = PBXBuildFile; fileRef = 98C2448A28FD3EDA0006A01B /* WorkingHistoryViewTopHeader.swift */; };
		98CFE3122910FC8E004B2FA1 /* InquiryHistoryViewController.swift in Sources */ = {isa = PBXBuildFile; fileRef = 98CFE3112910FC8E004B2FA1 /* InquiryHistoryViewController.swift */; };
		98E1700D2906EFEB00F71D41 /* hideKeyboard+.swift in Sources */ = {isa = PBXBuildFile; fileRef = 98E1700C2906EFEB00F71D41 /* hideKeyboard+.swift */; };
		98E1700F29080C9100F71D41 /* ImageDetailViewController.swift in Sources */ = {isa = PBXBuildFile; fileRef = 98E1700E29080C9100F71D41 /* ImageDetailViewController.swift */; };
		98E899BA290FCAAB001245C4 /* WorkingHistoryViewContentHeader.swift in Sources */ = {isa = PBXBuildFile; fileRef = 98E899B9290FCAAB001245C4 /* WorkingHistoryViewContentHeader.swift */; };
		98E899BC290FD00C001245C4 /* WorkingHistoryViewTopCell.swift in Sources */ = {isa = PBXBuildFile; fileRef = 98E899BB290FD00C001245C4 /* WorkingHistoryViewTopCell.swift */; };
/* End PBXBuildFile section */

/* Begin PBXFileReference section */
		26E3747E28FCDC0000997DA7 /* Samsam.app */ = {isa = PBXFileReference; explicitFileType = wrapper.application; includeInIndex = 0; path = Samsam.app; sourceTree = BUILT_PRODUCTS_DIR; };
		26E3748128FCDC0000997DA7 /* AppDelegate.swift */ = {isa = PBXFileReference; lastKnownFileType = sourcecode.swift; path = AppDelegate.swift; sourceTree = "<group>"; };
		26E3748328FCDC0000997DA7 /* SceneDelegate.swift */ = {isa = PBXFileReference; lastKnownFileType = sourcecode.swift; path = SceneDelegate.swift; sourceTree = "<group>"; };
		26E3748528FCDC0000997DA7 /* ViewController.swift */ = {isa = PBXFileReference; lastKnownFileType = sourcecode.swift; path = ViewController.swift; sourceTree = "<group>"; };
		26E3748828FCDC0000997DA7 /* Base */ = {isa = PBXFileReference; lastKnownFileType = file.storyboard; name = Base; path = Base.lproj/Main.storyboard; sourceTree = "<group>"; };
		26E3748A28FCDC0100997DA7 /* Assets.xcassets */ = {isa = PBXFileReference; lastKnownFileType = folder.assetcatalog; path = Assets.xcassets; sourceTree = "<group>"; };
		26E3748D28FCDC0100997DA7 /* Base */ = {isa = PBXFileReference; lastKnownFileType = file.storyboard; name = Base; path = Base.lproj/LaunchScreen.storyboard; sourceTree = "<group>"; };
		26E3748F28FCDC0100997DA7 /* Info.plist */ = {isa = PBXFileReference; lastKnownFileType = text.plist.xml; path = Info.plist; sourceTree = "<group>"; };
		26E3749528FCF56400997DA7 /* RoomListViewController.swift */ = {isa = PBXFileReference; lastKnownFileType = sourcecode.swift; path = RoomListViewController.swift; sourceTree = "<group>"; };
		26E3749728FD2D0700997DA7 /* RoomListCell.swift */ = {isa = PBXFileReference; lastKnownFileType = sourcecode.swift; path = RoomListCell.swift; sourceTree = "<group>"; };
		26E3749B28FE8E6F00997DA7 /* LoginViewController.swift */ = {isa = PBXFileReference; lastKnownFileType = sourcecode.swift; path = LoginViewController.swift; sourceTree = "<group>"; };
		26E3749D28FE95D100997DA7 /* Samsam.entitlements */ = {isa = PBXFileReference; lastKnownFileType = text.plist.entitlements; path = Samsam.entitlements; sourceTree = "<group>"; };
		26E3749E28FE9DA300997DA7 /* PhoneNumViewController.swift */ = {isa = PBXFileReference; lastKnownFileType = sourcecode.swift; path = PhoneNumViewController.swift; sourceTree = "<group>"; };
		26FEC1B528FFF52D006C410B /* RoomCreationCell.swift */ = {isa = PBXFileReference; lastKnownFileType = sourcecode.swift; path = RoomCreationCell.swift; sourceTree = "<group>"; };
		26FEC1B82902D85A006C410B /* DataTable.xcdatamodel */ = {isa = PBXFileReference; lastKnownFileType = wrapper.xcdatamodel; path = DataTable.xcdatamodel; sourceTree = "<group>"; };
		26FEC1CF2902E6F2006C410B /* CategoryEntity+CoreDataClass.swift */ = {isa = PBXFileReference; lastKnownFileType = sourcecode.swift; path = "CategoryEntity+CoreDataClass.swift"; sourceTree = "<group>"; };
		26FEC1D02902E6F2006C410B /* CategoryEntity+CoreDataProperties.swift */ = {isa = PBXFileReference; lastKnownFileType = sourcecode.swift; path = "CategoryEntity+CoreDataProperties.swift"; sourceTree = "<group>"; };
		26FEC1D12902E6F2006C410B /* PostingEntity+CoreDataClass.swift */ = {isa = PBXFileReference; lastKnownFileType = sourcecode.swift; path = "PostingEntity+CoreDataClass.swift"; sourceTree = "<group>"; };
		26FEC1D22902E6F2006C410B /* PostingEntity+CoreDataProperties.swift */ = {isa = PBXFileReference; lastKnownFileType = sourcecode.swift; path = "PostingEntity+CoreDataProperties.swift"; sourceTree = "<group>"; };
		26FEC1D32902E6F2006C410B /* WorkingStatusEntity+CoreDataClass.swift */ = {isa = PBXFileReference; lastKnownFileType = sourcecode.swift; path = "WorkingStatusEntity+CoreDataClass.swift"; sourceTree = "<group>"; };
		26FEC1D42902E6F2006C410B /* WorkingStatusEntity+CoreDataProperties.swift */ = {isa = PBXFileReference; lastKnownFileType = sourcecode.swift; path = "WorkingStatusEntity+CoreDataProperties.swift"; sourceTree = "<group>"; };
		26FEC1D52902E6F2006C410B /* PhotoEntity+CoreDataClass.swift */ = {isa = PBXFileReference; lastKnownFileType = sourcecode.swift; path = "PhotoEntity+CoreDataClass.swift"; sourceTree = "<group>"; };
		26FEC1D62902E6F2006C410B /* PhotoEntity+CoreDataProperties.swift */ = {isa = PBXFileReference; lastKnownFileType = sourcecode.swift; path = "PhotoEntity+CoreDataProperties.swift"; sourceTree = "<group>"; };
		26FEC1D72902E6F2006C410B /* RoomEntity+CoreDataClass.swift */ = {isa = PBXFileReference; lastKnownFileType = sourcecode.swift; path = "RoomEntity+CoreDataClass.swift"; sourceTree = "<group>"; };
		26FEC1D82902E6F2006C410B /* RoomEntity+CoreDataProperties.swift */ = {isa = PBXFileReference; lastKnownFileType = sourcecode.swift; path = "RoomEntity+CoreDataProperties.swift"; sourceTree = "<group>"; };
		26FEC1E3290466F2006C410B /* CoreDataManager.swift */ = {isa = PBXFileReference; lastKnownFileType = sourcecode.swift; path = CoreDataManager.swift; sourceTree = "<group>"; };
		431F075D291DEB36004FC4B6 /* LoginProtocol.swift */ = {isa = PBXFileReference; lastKnownFileType = sourcecode.swift; path = LoginProtocol.swift; sourceTree = "<group>"; };
		431F0763291DEB81004FC4B6 /* Login.swift */ = {isa = PBXFileReference; fileEncoding = 4; lastKnownFileType = sourcecode.swift; path = Login.swift; sourceTree = "<group>"; };
		431F0766291DEB90004FC4B6 /* LoginDTO.swift */ = {isa = PBXFileReference; fileEncoding = 4; lastKnownFileType = sourcecode.swift; path = LoginDTO.swift; sourceTree = "<group>"; };
		431F0768291DEB9B004FC4B6 /* LoginEndPoint.swift */ = {isa = PBXFileReference; fileEncoding = 4; lastKnownFileType = sourcecode.swift; path = LoginEndPoint.swift; sourceTree = "<group>"; };
		431F076A291DEBA9004FC4B6 /* LoginAPI.swift */ = {isa = PBXFileReference; fileEncoding = 4; lastKnownFileType = sourcecode.swift; path = LoginAPI.swift; sourceTree = "<group>"; };
		431F076C291DEBB7004FC4B6 /* NetworkError.swift */ = {isa = PBXFileReference; fileEncoding = 4; lastKnownFileType = sourcecode.swift; path = NetworkError.swift; sourceTree = "<group>"; };
		431F076D291DEBB7004FC4B6 /* NetworkRequest.swift */ = {isa = PBXFileReference; fileEncoding = 4; lastKnownFileType = sourcecode.swift; path = NetworkRequest.swift; sourceTree = "<group>"; };
		431F076E291DEBB7004FC4B6 /* APIService.swift */ = {isa = PBXFileReference; fileEncoding = 4; lastKnownFileType = sourcecode.swift; path = APIService.swift; sourceTree = "<group>"; };
		431F076F291DEBB7004FC4B6 /* Requestable.swift */ = {isa = PBXFileReference; fileEncoding = 4; lastKnownFileType = sourcecode.swift; path = Requestable.swift; sourceTree = "<group>"; };
		431F0770291DEBB7004FC4B6 /* Endpointable.swift */ = {isa = PBXFileReference; fileEncoding = 4; lastKnownFileType = sourcecode.swift; path = Endpointable.swift; sourceTree = "<group>"; };
		431F0771291DEBB7004FC4B6 /* Encodable.swift */ = {isa = PBXFileReference; fileEncoding = 4; lastKnownFileType = sourcecode.swift; path = Encodable.swift; sourceTree = "<group>"; };
		431F0772291DEBB7004FC4B6 /* HTTPMethod.swift */ = {isa = PBXFileReference; fileEncoding = 4; lastKnownFileType = sourcecode.swift; path = HTTPMethod.swift; sourceTree = "<group>"; };
		431F077C291DF130004FC4B6 /* APIEnvironment.swift */ = {isa = PBXFileReference; lastKnownFileType = sourcecode.swift; path = APIEnvironment.swift; sourceTree = "<group>"; };
		4330CE9A2906275D001FC8E7 /* PostingImageCell.swift */ = {isa = PBXFileReference; lastKnownFileType = sourcecode.swift; path = PostingImageCell.swift; sourceTree = "<group>"; };
		4369690B28FE422100DEA89F /* PostingImageViewController.swift */ = {isa = PBXFileReference; lastKnownFileType = sourcecode.swift; path = PostingImageViewController.swift; sourceTree = "<group>"; };
		436E81BF2918BA3D002A2641 /* ChipViewController.swift */ = {isa = PBXFileReference; lastKnownFileType = sourcecode.swift; path = ChipViewController.swift; sourceTree = "<group>"; };
		4386FB012901353B00314936 /* RoomCategoryViewController.swift */ = {isa = PBXFileReference; lastKnownFileType = sourcecode.swift; path = RoomCategoryViewController.swift; sourceTree = "<group>"; };
		43956D2B28FF9F0100DD996F /* PostingWritingView.swift */ = {isa = PBXFileReference; lastKnownFileType = sourcecode.swift; path = PostingWritingView.swift; sourceTree = "<group>"; };
		43BD591929028BD70063EB4F /* RoomCodeViewController.swift */ = {isa = PBXFileReference; lastKnownFileType = sourcecode.swift; path = RoomCodeViewController.swift; sourceTree = "<group>"; };
		43C2110E28FCFAB500E8F6DD /* PostingCategoryViewController.swift */ = {isa = PBXFileReference; lastKnownFileType = sourcecode.swift; path = PostingCategoryViewController.swift; sourceTree = "<group>"; };
		43C2111028FCFB3800E8F6DD /* CategoryCell.swift */ = {isa = PBXFileReference; lastKnownFileType = sourcecode.swift; path = CategoryCell.swift; sourceTree = "<group>"; };
		43DB5E1B2913733A00BD09BA /* PostingImageButtonCell.swift */ = {isa = PBXFileReference; lastKnownFileType = sourcecode.swift; path = PostingImageButtonCell.swift; sourceTree = "<group>"; };
		980200712912513B00E193E6 /* SegmentedControlViewcontroller.swift */ = {isa = PBXFileReference; lastKnownFileType = sourcecode.swift; path = SegmentedControlViewcontroller.swift; sourceTree = "<group>"; };
		980200792914F82100E193E6 /* MetroViewController.swift */ = {isa = PBXFileReference; lastKnownFileType = sourcecode.swift; path = MetroViewController.swift; sourceTree = "<group>"; };
		9802007B2914F83400E193E6 /* BezierCurveConfiguration.swift */ = {isa = PBXFileReference; lastKnownFileType = sourcecode.swift; path = BezierCurveConfiguration.swift; sourceTree = "<group>"; };
		980D900D28FE671B003CC2DA /* DetailViewController.swift */ = {isa = PBXFileReference; lastKnownFileType = sourcecode.swift; path = DetailViewController.swift; sourceTree = "<group>"; };
		98366F8C29019A5300E81E27 /* RoomCreationViewContoller.swift */ = {isa = PBXFileReference; lastKnownFileType = sourcecode.swift; path = RoomCreationViewContoller.swift; sourceTree = "<group>"; };
		9866F51529189AEE002D3589 /* PhoneNumberStyle+.swift */ = {isa = PBXFileReference; fileEncoding = 4; lastKnownFileType = sourcecode.swift; path = "PhoneNumberStyle+.swift"; sourceTree = "<group>"; };
		9866F517291960CE002D3589 /* RoomCreationViewDateFirstCell.swift */ = {isa = PBXFileReference; lastKnownFileType = sourcecode.swift; path = RoomCreationViewDateFirstCell.swift; sourceTree = "<group>"; };
		9866F519291960E0002D3589 /* RoomCreationViewDateHeader.swift */ = {isa = PBXFileReference; lastKnownFileType = sourcecode.swift; path = RoomCreationViewDateHeader.swift; sourceTree = "<group>"; };
		9866F5202919E2DC002D3589 /* RoomCreationViewWarrantyCell.swift */ = {isa = PBXFileReference; lastKnownFileType = sourcecode.swift; path = RoomCreationViewWarrantyCell.swift; sourceTree = "<group>"; };
		9866F522291BF173002D3589 /* RoomCreationViewDateSecondCell.swift */ = {isa = PBXFileReference; lastKnownFileType = sourcecode.swift; path = RoomCreationViewDateSecondCell.swift; sourceTree = "<group>"; };
		98B08A5F290AC8C900401650 /* UIColor+.swift */ = {isa = PBXFileReference; lastKnownFileType = sourcecode.swift; path = "UIColor+.swift"; sourceTree = "<group>"; };
		98C0D05F28FCE8EB00E0E439 /* AutoLayout+.swift */ = {isa = PBXFileReference; lastKnownFileType = sourcecode.swift; path = "AutoLayout+.swift"; sourceTree = "<group>"; };
		98C0D06328FCE99300E0E439 /* JSON.swift */ = {isa = PBXFileReference; lastKnownFileType = sourcecode.swift; path = JSON.swift; sourceTree = "<group>"; };
		98C0D06628FCE9DC00E0E439 /* Model.swift */ = {isa = PBXFileReference; lastKnownFileType = sourcecode.swift; path = Model.swift; sourceTree = "<group>"; };
		98C0D06928FCEA4900E0E439 /* ImagePicker.swift */ = {isa = PBXFileReference; lastKnownFileType = sourcecode.swift; path = ImagePicker.swift; sourceTree = "<group>"; };
		98C0D06B28FCF46500E0E439 /* WorkingHistoryViewController.swift */ = {isa = PBXFileReference; lastKnownFileType = sourcecode.swift; path = WorkingHistoryViewController.swift; sourceTree = "<group>"; };
		98C0D07128FD02E400E0E439 /* WorkingHistoryViewContentCell.swift */ = {isa = PBXFileReference; lastKnownFileType = sourcecode.swift; path = WorkingHistoryViewContentCell.swift; sourceTree = "<group>"; };
		98C2448A28FD3EDA0006A01B /* WorkingHistoryViewTopHeader.swift */ = {isa = PBXFileReference; lastKnownFileType = sourcecode.swift; path = WorkingHistoryViewTopHeader.swift; sourceTree = "<group>"; };
		98CFE3112910FC8E004B2FA1 /* InquiryHistoryViewController.swift */ = {isa = PBXFileReference; lastKnownFileType = sourcecode.swift; path = InquiryHistoryViewController.swift; sourceTree = "<group>"; };
		98E1700C2906EFEB00F71D41 /* hideKeyboard+.swift */ = {isa = PBXFileReference; lastKnownFileType = sourcecode.swift; path = "hideKeyboard+.swift"; sourceTree = "<group>"; };
		98E1700E29080C9100F71D41 /* ImageDetailViewController.swift */ = {isa = PBXFileReference; lastKnownFileType = sourcecode.swift; path = ImageDetailViewController.swift; sourceTree = "<group>"; };
		98E899B9290FCAAB001245C4 /* WorkingHistoryViewContentHeader.swift */ = {isa = PBXFileReference; lastKnownFileType = sourcecode.swift; path = WorkingHistoryViewContentHeader.swift; sourceTree = "<group>"; };
		98E899BB290FD00C001245C4 /* WorkingHistoryViewTopCell.swift */ = {isa = PBXFileReference; lastKnownFileType = sourcecode.swift; path = WorkingHistoryViewTopCell.swift; sourceTree = "<group>"; };
/* End PBXFileReference section */

/* Begin PBXFrameworksBuildPhase section */
		26E3747B28FCDC0000997DA7 /* Frameworks */ = {
			isa = PBXFrameworksBuildPhase;
			buildActionMask = 2147483647;
			files = (
			);
			runOnlyForDeploymentPostprocessing = 0;
		};
/* End PBXFrameworksBuildPhase section */

/* Begin PBXGroup section */
		26E3747528FCDC0000997DA7 = {
			isa = PBXGroup;
			children = (
				26E3748028FCDC0000997DA7 /* Samsam */,
				26E3747F28FCDC0000997DA7 /* Products */,
			);
			sourceTree = "<group>";
		};
		26E3747F28FCDC0000997DA7 /* Products */ = {
			isa = PBXGroup;
			children = (
				26E3747E28FCDC0000997DA7 /* Samsam.app */,
			);
			name = Products;
			sourceTree = "<group>";
		};
		26E3748028FCDC0000997DA7 /* Samsam */ = {
			isa = PBXGroup;
			children = (
				26E3749D28FE95D100997DA7 /* Samsam.entitlements */,
				26FEC1BA2902D87E006C410B /* CoreData */,
				98C0D05D28FCE8C300E0E439 /* Global */,
				431F075B291DEB18004FC4B6 /* Network */,
				98C0D06128FCE8FA00E0E439 /* ViewController */,
				98C0D06528FCE9C700E0E439 /* Model */,
				98C0D06228FCE95E00E0E439 /* Data */,
				98C0D06828FCEA2000E0E439 /* Support */,
				26E3748728FCDC0000997DA7 /* Main.storyboard */,
				26E3748A28FCDC0100997DA7 /* Assets.xcassets */,
				26E3748C28FCDC0100997DA7 /* LaunchScreen.storyboard */,
				26E3748F28FCDC0100997DA7 /* Info.plist */,
			);
			path = Samsam;
			sourceTree = "<group>";
		};
		26FEC1BA2902D87E006C410B /* CoreData */ = {
			isa = PBXGroup;
			children = (
				26FEC1CF2902E6F2006C410B /* CategoryEntity+CoreDataClass.swift */,
				26FEC1D02902E6F2006C410B /* CategoryEntity+CoreDataProperties.swift */,
				26FEC1D12902E6F2006C410B /* PostingEntity+CoreDataClass.swift */,
				26FEC1D22902E6F2006C410B /* PostingEntity+CoreDataProperties.swift */,
				26FEC1D32902E6F2006C410B /* WorkingStatusEntity+CoreDataClass.swift */,
				26FEC1D42902E6F2006C410B /* WorkingStatusEntity+CoreDataProperties.swift */,
				26FEC1D52902E6F2006C410B /* PhotoEntity+CoreDataClass.swift */,
				26FEC1D62902E6F2006C410B /* PhotoEntity+CoreDataProperties.swift */,
				26FEC1D72902E6F2006C410B /* RoomEntity+CoreDataClass.swift */,
				26FEC1D82902E6F2006C410B /* RoomEntity+CoreDataProperties.swift */,
				26FEC1B72902D85A006C410B /* DataTable.xcdatamodeld */,
				26FEC1E3290466F2006C410B /* CoreDataManager.swift */,
			);
			path = CoreData;
			sourceTree = "<group>";
		};
		431F075B291DEB18004FC4B6 /* Network */ = {
			isa = PBXGroup;
			children = (
				431F0762291DEB57004FC4B6 /* Protocol */,
				431F0761291DEB4D004FC4B6 /* Service */,
				431F0760291DEB45004FC4B6 /* API */,
				431F075F291DEB3C004FC4B6 /* EndPoint */,
				431F075C291DEB29004FC4B6 /* Models */,
			);
			name = Network;
			path = ../Network;
			sourceTree = "<group>";
		};
		431F075C291DEB29004FC4B6 /* Models */ = {
			isa = PBXGroup;
			children = (
				431F0765291DEB8A004FC4B6 /* Request */,
				431F0763291DEB81004FC4B6 /* Login.swift */,
			);
			path = Models;
			sourceTree = "<group>";
		};
		431F075F291DEB3C004FC4B6 /* EndPoint */ = {
			isa = PBXGroup;
			children = (
				431F0768291DEB9B004FC4B6 /* LoginEndPoint.swift */,
			);
			path = EndPoint;
			sourceTree = "<group>";
		};
		431F0760291DEB45004FC4B6 /* API */ = {
			isa = PBXGroup;
			children = (
				431F076A291DEBA9004FC4B6 /* LoginAPI.swift */,
			);
			path = API;
			sourceTree = "<group>";
		};
		431F0761291DEB4D004FC4B6 /* Service */ = {
			isa = PBXGroup;
			children = (
				431F0772291DEBB7004FC4B6 /* HTTPMethod.swift */,
				431F076C291DEBB7004FC4B6 /* NetworkError.swift */,
				431F0771291DEBB7004FC4B6 /* Encodable.swift */,
				431F076F291DEBB7004FC4B6 /* Requestable.swift */,
				431F076E291DEBB7004FC4B6 /* APIService.swift */,
				431F076D291DEBB7004FC4B6 /* NetworkRequest.swift */,
				431F0770291DEBB7004FC4B6 /* Endpointable.swift */,
				431F077C291DF130004FC4B6 /* APIEnvironment.swift */,
			);
			path = Service;
			sourceTree = "<group>";
		};
		431F0762291DEB57004FC4B6 /* Protocol */ = {
			isa = PBXGroup;
			children = (
				431F075D291DEB36004FC4B6 /* LoginProtocol.swift */,
			);
			path = Protocol;
			sourceTree = "<group>";
		};
		431F0765291DEB8A004FC4B6 /* Request */ = {
			isa = PBXGroup;
			children = (
				431F0766291DEB90004FC4B6 /* LoginDTO.swift */,
			);
			path = Request;
			sourceTree = "<group>";
		};
		436C4364291A0F6300504171 /* PostingView */ = {
			isa = PBXGroup;
			children = (
				43C2111028FCFB3800E8F6DD /* CategoryCell.swift */,
				4330CE9A2906275D001FC8E7 /* PostingImageCell.swift */,
				43C2110E28FCFAB500E8F6DD /* PostingCategoryViewController.swift */,
				43DB5E1B2913733A00BD09BA /* PostingImageButtonCell.swift */,
				4369690B28FE422100DEA89F /* PostingImageViewController.swift */,
				43956D2B28FF9F0100DD996F /* PostingWritingView.swift */,
			);
			path = PostingView;
			sourceTree = "<group>";
		};
		980200732912514700E193E6 /* HistoryView */ = {
			isa = PBXGroup;
			children = (
				980200712912513B00E193E6 /* SegmentedControlViewcontroller.swift */,
				98C0D06D28FCF46A00E0E439 /* WorkingHistoryView */,
				98CFE3102910FC5A004B2FA1 /* InquiryHistoryView */,
			);
			path = HistoryView;
			sourceTree = "<group>";
		};
		980D900C28FE6705003CC2DA /* DetailView */ = {
			isa = PBXGroup;
			children = (
				98E1700E29080C9100F71D41 /* ImageDetailViewController.swift */,
				980D900D28FE671B003CC2DA /* DetailViewController.swift */,
			);
			path = DetailView;
			sourceTree = "<group>";
		};
		98366F8B29019A3100E81E27 /* RoomCreationView */ = {
			isa = PBXGroup;
			children = (
				98366F8C29019A5300E81E27 /* RoomCreationViewContoller.swift */,
				4386FB012901353B00314936 /* RoomCategoryViewController.swift */,
				43BD591929028BD70063EB4F /* RoomCodeViewController.swift */,
				9866F51F29196191002D3589 /* UIComponent */,
			);
			path = RoomCreationView;
			sourceTree = "<group>";
		};
		9866F51F29196191002D3589 /* UIComponent */ = {
			isa = PBXGroup;
			children = (
				9866F519291960E0002D3589 /* RoomCreationViewDateHeader.swift */,
				9866F517291960CE002D3589 /* RoomCreationViewDateFirstCell.swift */,
				9866F522291BF173002D3589 /* RoomCreationViewDateSecondCell.swift */,
				9866F5202919E2DC002D3589 /* RoomCreationViewWarrantyCell.swift */,
			);
			path = UIComponent;
			sourceTree = "<group>";
		};
		98C0D05D28FCE8C300E0E439 /* Global */ = {
			isa = PBXGroup;
			children = (
				26E3748128FCDC0000997DA7 /* AppDelegate.swift */,
				26E3748328FCDC0000997DA7 /* SceneDelegate.swift */,
				98C0D05E28FCE8D200E0E439 /* Extension */,
			);
			path = Global;
			sourceTree = "<group>";
		};
		98C0D05E28FCE8D200E0E439 /* Extension */ = {
			isa = PBXGroup;
			children = (
				98C0D05F28FCE8EB00E0E439 /* AutoLayout+.swift */,
				98E1700C2906EFEB00F71D41 /* hideKeyboard+.swift */,
				98B08A5F290AC8C900401650 /* UIColor+.swift */,
				9866F51529189AEE002D3589 /* PhoneNumberStyle+.swift */,
			);
			path = Extension;
			sourceTree = "<group>";
		};
		98C0D06128FCE8FA00E0E439 /* ViewController */ = {
			isa = PBXGroup;
			children = (
				26E3748528FCDC0000997DA7 /* ViewController.swift */,
				26E3749B28FE8E6F00997DA7 /* LoginViewController.swift */,
				26E3749E28FE9DA300997DA7 /* PhoneNumViewController.swift */,
				26E3749528FCF56400997DA7 /* RoomListViewController.swift */,
				26FEC1B528FFF52D006C410B /* RoomCreationCell.swift */,
				26E3749728FD2D0700997DA7 /* RoomListCell.swift */,
				436E81BF2918BA3D002A2641 /* ChipViewController.swift */,
				980200732912514700E193E6 /* HistoryView */,
				980D900C28FE6705003CC2DA /* DetailView */,
				436C4364291A0F6300504171 /* PostingView */,
				98366F8B29019A3100E81E27 /* RoomCreationView */,
			);
			path = ViewController;
			sourceTree = "<group>";
		};
		98C0D06228FCE95E00E0E439 /* Data */ = {
			isa = PBXGroup;
			children = (
				98C0D06328FCE99300E0E439 /* JSON.swift */,
			);
			path = Data;
			sourceTree = "<group>";
		};
		98C0D06528FCE9C700E0E439 /* Model */ = {
			isa = PBXGroup;
			children = (
				98C0D06628FCE9DC00E0E439 /* Model.swift */,
			);
			path = Model;
			sourceTree = "<group>";
		};
		98C0D06828FCEA2000E0E439 /* Support */ = {
			isa = PBXGroup;
			children = (
				98C0D06928FCEA4900E0E439 /* ImagePicker.swift */,
			);
			path = Support;
			sourceTree = "<group>";
		};
		98C0D06D28FCF46A00E0E439 /* WorkingHistoryView */ = {
			isa = PBXGroup;
			children = (
				98C0D06B28FCF46500E0E439 /* WorkingHistoryViewController.swift */,
				98C0D06E28FCF47800E0E439 /* UIComponent */,
			);
			path = WorkingHistoryView;
			sourceTree = "<group>";
		};
		98C0D06E28FCF47800E0E439 /* UIComponent */ = {
			isa = PBXGroup;
			children = (
				98C2448A28FD3EDA0006A01B /* WorkingHistoryViewTopHeader.swift */,
				98E899B9290FCAAB001245C4 /* WorkingHistoryViewContentHeader.swift */,
				98E899BB290FD00C001245C4 /* WorkingHistoryViewTopCell.swift */,
				98C0D07128FD02E400E0E439 /* WorkingHistoryViewContentCell.swift */,
				980200792914F82100E193E6 /* MetroViewController.swift */,
				9802007B2914F83400E193E6 /* BezierCurveConfiguration.swift */,
			);
			path = UIComponent;
			sourceTree = "<group>";
		};
		98CFE3102910FC5A004B2FA1 /* InquiryHistoryView */ = {
			isa = PBXGroup;
			children = (
				98CFE3112910FC8E004B2FA1 /* InquiryHistoryViewController.swift */,
			);
			path = InquiryHistoryView;
			sourceTree = "<group>";
		};
/* End PBXGroup section */

/* Begin PBXNativeTarget section */
		26E3747D28FCDC0000997DA7 /* Samsam */ = {
			isa = PBXNativeTarget;
			buildConfigurationList = 26E3749228FCDC0100997DA7 /* Build configuration list for PBXNativeTarget "Samsam" */;
			buildPhases = (
				26E3747A28FCDC0000997DA7 /* Sources */,
				26E3747B28FCDC0000997DA7 /* Frameworks */,
				26E3747C28FCDC0000997DA7 /* Resources */,
			);
			buildRules = (
			);
			dependencies = (
			);
			name = Samsam;
			productName = Samsam;
			productReference = 26E3747E28FCDC0000997DA7 /* Samsam.app */;
			productType = "com.apple.product-type.application";
		};
/* End PBXNativeTarget section */

/* Begin PBXProject section */
		26E3747628FCDC0000997DA7 /* Project object */ = {
			isa = PBXProject;
			attributes = {
				BuildIndependentTargetsInParallel = 1;
				LastSwiftUpdateCheck = 1400;
				LastUpgradeCheck = 1400;
				TargetAttributes = {
					26E3747D28FCDC0000997DA7 = {
						CreatedOnToolsVersion = 14.0;
					};
				};
			};
			buildConfigurationList = 26E3747928FCDC0000997DA7 /* Build configuration list for PBXProject "Samsam" */;
			compatibilityVersion = "Xcode 14.0";
			developmentRegion = ko;
			hasScannedForEncodings = 0;
			knownRegions = (
				en,
				Base,
				ko,
			);
			mainGroup = 26E3747528FCDC0000997DA7;
			productRefGroup = 26E3747F28FCDC0000997DA7 /* Products */;
			projectDirPath = "";
			projectRoot = "";
			targets = (
				26E3747D28FCDC0000997DA7 /* Samsam */,
			);
		};
/* End PBXProject section */

/* Begin PBXResourcesBuildPhase section */
		26E3747C28FCDC0000997DA7 /* Resources */ = {
			isa = PBXResourcesBuildPhase;
			buildActionMask = 2147483647;
			files = (
				26E3748E28FCDC0100997DA7 /* LaunchScreen.storyboard in Resources */,
				26E3748B28FCDC0100997DA7 /* Assets.xcassets in Resources */,
				26E3748928FCDC0000997DA7 /* Main.storyboard in Resources */,
			);
			runOnlyForDeploymentPostprocessing = 0;
		};
/* End PBXResourcesBuildPhase section */

/* Begin PBXSourcesBuildPhase section */
		26E3747A28FCDC0000997DA7 /* Sources */ = {
			isa = PBXSourcesBuildPhase;
			buildActionMask = 2147483647;
			files = (
				431F0776291DEBB7004FC4B6 /* Requestable.swift in Sources */,
				9866F51629189AEE002D3589 /* PhoneNumberStyle+.swift in Sources */,
				26FEC1DB2902E6F2006C410B /* PostingEntity+CoreDataClass.swift in Sources */,
				26E3749C28FE8E6F00997DA7 /* LoginViewController.swift in Sources */,
				43DB5E1C2913733A00BD09BA /* PostingImageButtonCell.swift in Sources */,
				980D900E28FE671B003CC2DA /* DetailViewController.swift in Sources */,
				9802007C2914F83400E193E6 /* BezierCurveConfiguration.swift in Sources */,
				26E3748628FCDC0000997DA7 /* ViewController.swift in Sources */,
				431F0779291DEBB7004FC4B6 /* HTTPMethod.swift in Sources */,
				431F0778291DEBB7004FC4B6 /* Encodable.swift in Sources */,
				431F0767291DEB90004FC4B6 /* LoginDTO.swift in Sources */,
				431F0769291DEB9B004FC4B6 /* LoginEndPoint.swift in Sources */,
				98E1700D2906EFEB00F71D41 /* hideKeyboard+.swift in Sources */,
				98C0D06C28FCF46500E0E439 /* WorkingHistoryViewController.swift in Sources */,
				26FEC1E02902E6F2006C410B /* PhotoEntity+CoreDataProperties.swift in Sources */,
				98C0D06728FCE9DC00E0E439 /* Model.swift in Sources */,
				98C2448B28FD3EDA0006A01B /* WorkingHistoryViewTopHeader.swift in Sources */,
				98CFE3122910FC8E004B2FA1 /* InquiryHistoryViewController.swift in Sources */,
				98E899BC290FD00C001245C4 /* WorkingHistoryViewTopCell.swift in Sources */,
				431F077D291DF130004FC4B6 /* APIEnvironment.swift in Sources */,
				98C0D07228FD02E400E0E439 /* WorkingHistoryViewContentCell.swift in Sources */,
				9866F518291960CE002D3589 /* RoomCreationViewDateFirstCell.swift in Sources */,
				98E899BA290FCAAB001245C4 /* WorkingHistoryViewContentHeader.swift in Sources */,
				9866F51A291960E0002D3589 /* RoomCreationViewDateHeader.swift in Sources */,
				26E3749828FD2D0700997DA7 /* RoomListCell.swift in Sources */,
				431F0774291DEBB7004FC4B6 /* NetworkRequest.swift in Sources */,
				26FEC1B92902D85A006C410B /* DataTable.xcdatamodeld in Sources */,
				26FEC1E4290466F2006C410B /* CoreDataManager.swift in Sources */,
				431F0775291DEBB7004FC4B6 /* APIService.swift in Sources */,
				98C0D06428FCE99300E0E439 /* JSON.swift in Sources */,
				980200722912513B00E193E6 /* SegmentedControlViewcontroller.swift in Sources */,
				431F0764291DEB81004FC4B6 /* Login.swift in Sources */,
				9802007A2914F82100E193E6 /* MetroViewController.swift in Sources */,
				436E81C02918BA3D002A2641 /* ChipViewController.swift in Sources */,
				9866F523291BF173002D3589 /* RoomCreationViewDateSecondCell.swift in Sources */,
				26FEC1DA2902E6F2006C410B /* CategoryEntity+CoreDataProperties.swift in Sources */,
				431F0777291DEBB7004FC4B6 /* Endpointable.swift in Sources */,
				26FEC1E12902E6F2006C410B /* RoomEntity+CoreDataClass.swift in Sources */,
				4330CE9B2906275D001FC8E7 /* PostingImageCell.swift in Sources */,
				98C0D06A28FCEA4900E0E439 /* ImagePicker.swift in Sources */,
				43956D2C28FF9F0100DD996F /* PostingWritingView.swift in Sources */,
				26FEC1DC2902E6F2006C410B /* PostingEntity+CoreDataProperties.swift in Sources */,
				26E3748228FCDC0000997DA7 /* AppDelegate.swift in Sources */,
				431F0773291DEBB7004FC4B6 /* NetworkError.swift in Sources */,
				43C2111128FCFB3800E8F6DD /* CategoryCell.swift in Sources */,
				26FEC1DE2902E6F2006C410B /* WorkingStatusEntity+CoreDataProperties.swift in Sources */,
				98B08A60290AC8C900401650 /* UIColor+.swift in Sources */,
				26E3748428FCDC0000997DA7 /* SceneDelegate.swift in Sources */,
				98366F8D29019A5300E81E27 /* RoomCreationViewContoller.swift in Sources */,
				4386FB022901353B00314936 /* RoomCategoryViewController.swift in Sources */,
				43BD591A29028BD70063EB4F /* RoomCodeViewController.swift in Sources */,
				26FEC1DD2902E6F2006C410B /* WorkingStatusEntity+CoreDataClass.swift in Sources */,
				431F075E291DEB36004FC4B6 /* LoginProtocol.swift in Sources */,
				26E3749F28FE9DA300997DA7 /* PhoneNumViewController.swift in Sources */,
				98C0D06028FCE8EB00E0E439 /* AutoLayout+.swift in Sources */,
				26E3749628FCF56400997DA7 /* RoomListViewController.swift in Sources */,
				9866F5212919E2DC002D3589 /* RoomCreationViewWarrantyCell.swift in Sources */,
				26FEC1B628FFF52D006C410B /* RoomCreationCell.swift in Sources */,
				43C2110F28FCFAB500E8F6DD /* PostingCategoryViewController.swift in Sources */,
				26FEC1D92902E6F2006C410B /* CategoryEntity+CoreDataClass.swift in Sources */,
				4369690C28FE422100DEA89F /* PostingImageViewController.swift in Sources */,
				26FEC1DF2902E6F2006C410B /* PhotoEntity+CoreDataClass.swift in Sources */,
				431F076B291DEBA9004FC4B6 /* LoginAPI.swift in Sources */,
				98E1700F29080C9100F71D41 /* ImageDetailViewController.swift in Sources */,
				26FEC1E22902E6F2006C410B /* RoomEntity+CoreDataProperties.swift in Sources */,
			);
			runOnlyForDeploymentPostprocessing = 0;
		};
/* End PBXSourcesBuildPhase section */

/* Begin PBXVariantGroup section */
		26E3748728FCDC0000997DA7 /* Main.storyboard */ = {
			isa = PBXVariantGroup;
			children = (
				26E3748828FCDC0000997DA7 /* Base */,
			);
			name = Main.storyboard;
			sourceTree = "<group>";
		};
		26E3748C28FCDC0100997DA7 /* LaunchScreen.storyboard */ = {
			isa = PBXVariantGroup;
			children = (
				26E3748D28FCDC0100997DA7 /* Base */,
			);
			name = LaunchScreen.storyboard;
			sourceTree = "<group>";
		};
/* End PBXVariantGroup section */

/* Begin XCBuildConfiguration section */
		26E3749028FCDC0100997DA7 /* Debug */ = {
			isa = XCBuildConfiguration;
			buildSettings = {
				ALWAYS_SEARCH_USER_PATHS = NO;
				CLANG_ANALYZER_NONNULL = YES;
				CLANG_ANALYZER_NUMBER_OBJECT_CONVERSION = YES_AGGRESSIVE;
				CLANG_CXX_LANGUAGE_STANDARD = "gnu++20";
				CLANG_ENABLE_MODULES = YES;
				CLANG_ENABLE_OBJC_ARC = YES;
				CLANG_ENABLE_OBJC_WEAK = YES;
				CLANG_WARN_BLOCK_CAPTURE_AUTORELEASING = YES;
				CLANG_WARN_BOOL_CONVERSION = YES;
				CLANG_WARN_COMMA = YES;
				CLANG_WARN_CONSTANT_CONVERSION = YES;
				CLANG_WARN_DEPRECATED_OBJC_IMPLEMENTATIONS = YES;
				CLANG_WARN_DIRECT_OBJC_ISA_USAGE = YES_ERROR;
				CLANG_WARN_DOCUMENTATION_COMMENTS = YES;
				CLANG_WARN_EMPTY_BODY = YES;
				CLANG_WARN_ENUM_CONVERSION = YES;
				CLANG_WARN_INFINITE_RECURSION = YES;
				CLANG_WARN_INT_CONVERSION = YES;
				CLANG_WARN_NON_LITERAL_NULL_CONVERSION = YES;
				CLANG_WARN_OBJC_IMPLICIT_RETAIN_SELF = YES;
				CLANG_WARN_OBJC_LITERAL_CONVERSION = YES;
				CLANG_WARN_OBJC_ROOT_CLASS = YES_ERROR;
				CLANG_WARN_QUOTED_INCLUDE_IN_FRAMEWORK_HEADER = YES;
				CLANG_WARN_RANGE_LOOP_ANALYSIS = YES;
				CLANG_WARN_STRICT_PROTOTYPES = YES;
				CLANG_WARN_SUSPICIOUS_MOVE = YES;
				CLANG_WARN_UNGUARDED_AVAILABILITY = YES_AGGRESSIVE;
				CLANG_WARN_UNREACHABLE_CODE = YES;
				CLANG_WARN__DUPLICATE_METHOD_MATCH = YES;
				COPY_PHASE_STRIP = NO;
				DEBUG_INFORMATION_FORMAT = dwarf;
				ENABLE_STRICT_OBJC_MSGSEND = YES;
				ENABLE_TESTABILITY = YES;
				GCC_C_LANGUAGE_STANDARD = gnu11;
				GCC_DYNAMIC_NO_PIC = NO;
				GCC_NO_COMMON_BLOCKS = YES;
				GCC_OPTIMIZATION_LEVEL = 0;
				GCC_PREPROCESSOR_DEFINITIONS = (
					"DEBUG=1",
					"$(inherited)",
				);
				GCC_WARN_64_TO_32_BIT_CONVERSION = YES;
				GCC_WARN_ABOUT_RETURN_TYPE = YES_ERROR;
				GCC_WARN_UNDECLARED_SELECTOR = YES;
				GCC_WARN_UNINITIALIZED_AUTOS = YES_AGGRESSIVE;
				GCC_WARN_UNUSED_FUNCTION = YES;
				GCC_WARN_UNUSED_VARIABLE = YES;
				IPHONEOS_DEPLOYMENT_TARGET = 16.0;
				MTL_ENABLE_DEBUG_INFO = INCLUDE_SOURCE;
				MTL_FAST_MATH = YES;
				ONLY_ACTIVE_ARCH = YES;
				SDKROOT = iphoneos;
				SWIFT_ACTIVE_COMPILATION_CONDITIONS = DEBUG;
				SWIFT_OPTIMIZATION_LEVEL = "-Onone";
			};
			name = Debug;
		};
		26E3749128FCDC0100997DA7 /* Release */ = {
			isa = XCBuildConfiguration;
			buildSettings = {
				ALWAYS_SEARCH_USER_PATHS = NO;
				CLANG_ANALYZER_NONNULL = YES;
				CLANG_ANALYZER_NUMBER_OBJECT_CONVERSION = YES_AGGRESSIVE;
				CLANG_CXX_LANGUAGE_STANDARD = "gnu++20";
				CLANG_ENABLE_MODULES = YES;
				CLANG_ENABLE_OBJC_ARC = YES;
				CLANG_ENABLE_OBJC_WEAK = YES;
				CLANG_WARN_BLOCK_CAPTURE_AUTORELEASING = YES;
				CLANG_WARN_BOOL_CONVERSION = YES;
				CLANG_WARN_COMMA = YES;
				CLANG_WARN_CONSTANT_CONVERSION = YES;
				CLANG_WARN_DEPRECATED_OBJC_IMPLEMENTATIONS = YES;
				CLANG_WARN_DIRECT_OBJC_ISA_USAGE = YES_ERROR;
				CLANG_WARN_DOCUMENTATION_COMMENTS = YES;
				CLANG_WARN_EMPTY_BODY = YES;
				CLANG_WARN_ENUM_CONVERSION = YES;
				CLANG_WARN_INFINITE_RECURSION = YES;
				CLANG_WARN_INT_CONVERSION = YES;
				CLANG_WARN_NON_LITERAL_NULL_CONVERSION = YES;
				CLANG_WARN_OBJC_IMPLICIT_RETAIN_SELF = YES;
				CLANG_WARN_OBJC_LITERAL_CONVERSION = YES;
				CLANG_WARN_OBJC_ROOT_CLASS = YES_ERROR;
				CLANG_WARN_QUOTED_INCLUDE_IN_FRAMEWORK_HEADER = YES;
				CLANG_WARN_RANGE_LOOP_ANALYSIS = YES;
				CLANG_WARN_STRICT_PROTOTYPES = YES;
				CLANG_WARN_SUSPICIOUS_MOVE = YES;
				CLANG_WARN_UNGUARDED_AVAILABILITY = YES_AGGRESSIVE;
				CLANG_WARN_UNREACHABLE_CODE = YES;
				CLANG_WARN__DUPLICATE_METHOD_MATCH = YES;
				COPY_PHASE_STRIP = NO;
				DEBUG_INFORMATION_FORMAT = "dwarf-with-dsym";
				ENABLE_NS_ASSERTIONS = NO;
				ENABLE_STRICT_OBJC_MSGSEND = YES;
				GCC_C_LANGUAGE_STANDARD = gnu11;
				GCC_NO_COMMON_BLOCKS = YES;
				GCC_WARN_64_TO_32_BIT_CONVERSION = YES;
				GCC_WARN_ABOUT_RETURN_TYPE = YES_ERROR;
				GCC_WARN_UNDECLARED_SELECTOR = YES;
				GCC_WARN_UNINITIALIZED_AUTOS = YES_AGGRESSIVE;
				GCC_WARN_UNUSED_FUNCTION = YES;
				GCC_WARN_UNUSED_VARIABLE = YES;
				IPHONEOS_DEPLOYMENT_TARGET = 16.0;
				MTL_ENABLE_DEBUG_INFO = NO;
				MTL_FAST_MATH = YES;
				SDKROOT = iphoneos;
				SWIFT_COMPILATION_MODE = wholemodule;
				SWIFT_OPTIMIZATION_LEVEL = "-O";
				VALIDATE_PRODUCT = YES;
			};
			name = Release;
		};
		26E3749328FCDC0100997DA7 /* Debug */ = {
			isa = XCBuildConfiguration;
			buildSettings = {
				ASSETCATALOG_COMPILER_APPICON_NAME = AppIcon;
				ASSETCATALOG_COMPILER_GLOBAL_ACCENT_COLOR_NAME = AccentColor;
				CODE_SIGN_ENTITLEMENTS = Samsam/Samsam.entitlements;
				CODE_SIGN_STYLE = Automatic;
				CURRENT_PROJECT_VERSION = 1;
				DEVELOPMENT_TEAM = UDCS6NMGF8;
				GENERATE_INFOPLIST_FILE = YES;
				INFOPLIST_FILE = Samsam/Info.plist;
				INFOPLIST_KEY_NSPhotoLibraryAddUsageDescription = "사진 저장을 위해 라이브러리 접근권한이 필요합니다.";
				INFOPLIST_KEY_NSPhotoLibraryUsageDescription = "사진 업로드를 위해 라이브러리 접근권한이 필요합니다.";
				INFOPLIST_KEY_UIApplicationSupportsIndirectInputEvents = YES;
				INFOPLIST_KEY_UILaunchStoryboardName = LaunchScreen;
				INFOPLIST_KEY_UIMainStoryboardFile = Main;
				INFOPLIST_KEY_UISupportedInterfaceOrientations_iPad = "UIInterfaceOrientationPortrait UIInterfaceOrientationPortraitUpsideDown UIInterfaceOrientationLandscapeLeft UIInterfaceOrientationLandscapeRight";
				INFOPLIST_KEY_UISupportedInterfaceOrientations_iPhone = "UIInterfaceOrientationPortrait UIInterfaceOrientationLandscapeLeft UIInterfaceOrientationLandscapeRight";
				LD_RUNPATH_SEARCH_PATHS = (
					"$(inherited)",
					"@executable_path/Frameworks",
				);
				MARKETING_VERSION = 1.0;
				PRODUCT_BUNDLE_IDENTIFIER = com.Dinner2.Samsam;
				PRODUCT_NAME = "$(TARGET_NAME)";
				SUPPORTED_PLATFORMS = "iphoneos iphonesimulator";
				SUPPORTS_MACCATALYST = NO;
				SUPPORTS_MAC_DESIGNED_FOR_IPHONE_IPAD = NO;
				SWIFT_EMIT_LOC_STRINGS = YES;
				SWIFT_VERSION = 5.0;
				TARGETED_DEVICE_FAMILY = 1;
			};
			name = Debug;
		};
		26E3749428FCDC0100997DA7 /* Release */ = {
			isa = XCBuildConfiguration;
			buildSettings = {
				ASSETCATALOG_COMPILER_APPICON_NAME = AppIcon;
				ASSETCATALOG_COMPILER_GLOBAL_ACCENT_COLOR_NAME = AccentColor;
				CODE_SIGN_ENTITLEMENTS = Samsam/Samsam.entitlements;
				CODE_SIGN_STYLE = Automatic;
				CURRENT_PROJECT_VERSION = 1;
				DEVELOPMENT_TEAM = UDCS6NMGF8;
				GENERATE_INFOPLIST_FILE = YES;
				INFOPLIST_FILE = Samsam/Info.plist;
				INFOPLIST_KEY_NSPhotoLibraryAddUsageDescription = "사진 저장을 위해 라이브러리 접근권한이 필요합니다.";
				INFOPLIST_KEY_NSPhotoLibraryUsageDescription = "사진 업로드를 위해 라이브러리 접근권한이 필요합니다.";
				INFOPLIST_KEY_UIApplicationSupportsIndirectInputEvents = YES;
				INFOPLIST_KEY_UILaunchStoryboardName = LaunchScreen;
				INFOPLIST_KEY_UIMainStoryboardFile = Main;
				INFOPLIST_KEY_UISupportedInterfaceOrientations_iPad = "UIInterfaceOrientationPortrait UIInterfaceOrientationPortraitUpsideDown UIInterfaceOrientationLandscapeLeft UIInterfaceOrientationLandscapeRight";
				INFOPLIST_KEY_UISupportedInterfaceOrientations_iPhone = "UIInterfaceOrientationPortrait UIInterfaceOrientationLandscapeLeft UIInterfaceOrientationLandscapeRight";
				LD_RUNPATH_SEARCH_PATHS = (
					"$(inherited)",
					"@executable_path/Frameworks",
				);
				MARKETING_VERSION = 1.0;
				PRODUCT_BUNDLE_IDENTIFIER = com.y.Samsam;
				PRODUCT_NAME = "$(TARGET_NAME)";
				SUPPORTED_PLATFORMS = "iphoneos iphonesimulator";
				SUPPORTS_MACCATALYST = NO;
				SUPPORTS_MAC_DESIGNED_FOR_IPHONE_IPAD = NO;
				SWIFT_EMIT_LOC_STRINGS = YES;
				SWIFT_VERSION = 5.0;
				TARGETED_DEVICE_FAMILY = 1;
			};
			name = Release;
		};
/* End XCBuildConfiguration section */

/* Begin XCConfigurationList section */
		26E3747928FCDC0000997DA7 /* Build configuration list for PBXProject "Samsam" */ = {
			isa = XCConfigurationList;
			buildConfigurations = (
				26E3749028FCDC0100997DA7 /* Debug */,
				26E3749128FCDC0100997DA7 /* Release */,
			);
			defaultConfigurationIsVisible = 0;
			defaultConfigurationName = Release;
		};
		26E3749228FCDC0100997DA7 /* Build configuration list for PBXNativeTarget "Samsam" */ = {
			isa = XCConfigurationList;
			buildConfigurations = (
				26E3749328FCDC0100997DA7 /* Debug */,
				26E3749428FCDC0100997DA7 /* Release */,
			);
			defaultConfigurationIsVisible = 0;
			defaultConfigurationName = Release;
		};
/* End XCConfigurationList section */

/* Begin XCVersionGroup section */
		26FEC1B72902D85A006C410B /* DataTable.xcdatamodeld */ = {
			isa = XCVersionGroup;
			children = (
				26FEC1B82902D85A006C410B /* DataTable.xcdatamodel */,
			);
			currentVersion = 26FEC1B82902D85A006C410B /* DataTable.xcdatamodel */;
			path = DataTable.xcdatamodeld;
			sourceTree = "<group>";
			versionGroupType = wrapper.xcdatamodel;
		};
/* End XCVersionGroup section */
	};
	rootObject = 26E3747628FCDC0000997DA7 /* Project object */;
}
